DEPENDENCIES
  dev-box
    path: dev-box

GRAPH
  apache2 (3.1.0)
  apt (2.4.0)
  build-essential (2.2.3)
  chef-sugar (3.1.0)
  chef_gem (0.1.0)
  chef_handler (1.1.8)
  chocolatey (0.3.0)
    windows (~> 1.31)
  dev-box (0.1.0)
    apt (>= 0.0.0)
    git (>= 0.0.0)
    java (>= 0.0.0)
    phantomjs (>= 0.0.0)
    postgresql (>= 0.0.0)
    redisio (>= 0.0.0)
    rvm (>= 0.0.0)
    sublime-text (>= 0.0.0)
    virtualbox (>= 0.0.0)
    zshell (>= 0.0.0)
  dmg (2.2.2)
  git (4.2.2)
    build-essential (>= 0.0.0)
    dmg (>= 0.0.0)
    windows (>= 0.0.0)
    yum-epel (>= 0.0.0)
  homebrew (2.1.2)
    build-essential (>= 2.1.2)
  java (1.42.0)
    apt (>= 0.0.0)
    homebrew (>= 0.0.0)
    windows (>= 0.0.0)
  openssl (4.0.0)
    chef-sugar (>= 0.0.0)
  phantomjs (1.0.3)
    build-essential (>= 0.0.0)
    chocolatey (>= 0.0.0)
  postgresql (3.4.18)
    apt (>= 1.9.0)
    build-essential (>= 0.0.0)
    openssl (~> 4.0.0)
  redisio (2.3.0)
    build-essential (>= 0.0.0)
    ulimit (>= 0.1.2)
  rvm (0.9.2)
    chef_gem (>= 0.0.0)
    java (>= 0.0.0)
  sublime-text (0.1.1)
    apt (~> 2.4.0)
  ulimit (0.3.3)
  virtualbox (1.0.3)
    apache2 (>= 0.0.0)
    apt (>= 0.0.0)
    dmg (>= 0.0.0)
    windows (>= 0.0.0)
    yum (~> 3.1)
  windows (1.37.0)
    chef_handler (>= 0.0.0)
  yum (3.6.0)
  yum-epel (0.6.0)
    yum (~> 3.0)
  zshell (0.3.0)
    apt (>= 0.0.0)
